# This file is generated by running "yarn install" inside your project.
# Manual changes might be lost - proceed with caution!

__metadata:
  version: 10
  cacheKey: 10c0

"@sap/hana-client@npm:^2.29.23":
  version: 2.29.23
  resolution: "@sap/hana-client@npm:2.29.23"
  dependencies:
    debug: "npm:3.1.0"
  checksum: 10c0/1a4102478bde31083b80a42a812d4a13299a5d922e20a83ec148b3cf2f3c8cf484b7b6e9094399735d1a6a62a25e77e201b1ca841ae70561cf98501563ce6b44
  languageName: node
  linkType: hard

"@sap/hdi-deploy@npm:^5.6.1":
  version: 5.6.1
  resolution: "@sap/hdi-deploy@npm:5.6.1"
  dependencies:
    "@sap/hdi": "npm:^4.8.0"
    "@sap/xsenv": "npm:^6.0.0"
    async: "npm:^3.2.6"
    dotenv: "npm:^16.4.5"
    handlebars: "npm:^4.7.8"
    micromatch: "npm:^4.0.8"
  peerDependencies:
    "@sap/hana-client": ^2 >= 2.6
    hdb: ^2 || ^0
  peerDependenciesMeta:
    "@sap/hana-client":
      optional: true
    hdb:
      optional: true
  checksum: 10c0/60b406b9a35d7fafa4789ad7d149dd8f3bb7fe7254fee43960bba209c083f02e816edc7b5d701ca298984fd4e0213e409cb8949dfa1259693a224a73d2fdbaa7
  languageName: node
  linkType: hard

"@sap/hdi@npm:^4.8.0":
  version: 4.8.1
  resolution: "@sap/hdi@npm:4.8.1"
  dependencies:
    async: "npm:^3.2.3"
  peerDependencies:
    "@sap/hana-client": ^2 >= 2.5
    hdb: ^2 || ^0
  peerDependenciesMeta:
    "@sap/hana-client":
      optional: true
    hdb:
      optional: true
  checksum: 10c0/57917719f8d7c6779bdcdd0c7c85a83d08b69c105565cb84b1536ef1a401a2ac848f788cdb63c3ca91ff6fe8fe4f69013d0f50c791222a82f50cd8a2b248aff0
  languageName: node
  linkType: hard

"@sap/xsenv@npm:^6.0.0":
  version: 6.2.1
  resolution: "@sap/xsenv@npm:6.2.1"
  dependencies:
    debug: "npm:4.4.3"
    node-cache: "npm:^5.1.2"
    verror: "npm:1.10.1"
  checksum: 10c0/56548d85c88710d855c57e74918c51b7f65509f30d1d6b7e4fa3887b5edec3450610c48bbed5ee2c221be0a267bf1c1dba0f4d3f88f2c2d8060d0072cc285312
  languageName: node
  linkType: hard

"assert-plus@npm:^1.0.0":
  version: 1.0.0
  resolution: "assert-plus@npm:1.0.0"
  checksum: 10c0/b194b9d50c3a8f872ee85ab110784911e696a4d49f7ee6fc5fb63216dedbefd2c55999c70cb2eaeb4cf4a0e0338b44e9ace3627117b5bf0d42460e9132f21b91
  languageName: node
  linkType: hard

"async@npm:^3.2.3, async@npm:^3.2.6":
  version: 3.2.6
  resolution: "async@npm:3.2.6"
  checksum: 10c0/36484bb15ceddf07078688d95e27076379cc2f87b10c03b6dd8a83e89475a3c8df5848859dd06a4c95af1e4c16fc973de0171a77f18ea00be899aca2a4f85e70
  languageName: node
  linkType: hard

"braces@npm:^3.0.3":
  version: 3.0.3
  resolution: "braces@npm:3.0.3"
  dependencies:
    fill-range: "npm:^7.1.1"
  checksum: 10c0/7c6dfd30c338d2997ba77500539227b9d1f85e388a5f43220865201e407e076783d0881f2d297b9f80951b4c957fcf0b51c1d2d24227631643c3f7c284b0aa04
  languageName: node
  linkType: hard

"clone@npm:2.x":
  version: 2.1.2
  resolution: "clone@npm:2.1.2"
  checksum: 10c0/ed0601cd0b1606bc7d82ee7175b97e68d1dd9b91fd1250a3617b38d34a095f8ee0431d40a1a611122dcccb4f93295b4fdb94942aa763392b5fe44effa50c2d5e
  languageName: node
  linkType: hard

"core-util-is@npm:1.0.2":
  version: 1.0.2
  resolution: "core-util-is@npm:1.0.2"
  checksum: 10c0/980a37a93956d0de8a828ce508f9b9e3317039d68922ca79995421944146700e4aaf490a6dbfebcb1c5292a7184600c7710b957d724be1e37b8254c6bc0fe246
  languageName: node
  linkType: hard

"debug@npm:3.1.0":
  version: 3.1.0
  resolution: "debug@npm:3.1.0"
  dependencies:
    ms: "npm:2.0.0"
  checksum: 10c0/5bff34a352d7b2eaa31886eeaf2ee534b5461ec0548315b2f9f80bd1d2533cab7df1fa52e130ce27bc31c3945fbffb0fc72baacdceb274b95ce853db89254ea4
  languageName: node
  linkType: hard

"debug@npm:4.4.3":
  version: 4.4.3
  resolution: "debug@npm:4.4.3"
  dependencies:
    ms: "npm:^2.1.3"
  peerDependenciesMeta:
    supports-color:
      optional: true
  checksum: 10c0/d79136ec6c83ecbefd0f6a5593da6a9c91ec4d7ddc4b54c883d6e71ec9accb5f67a1a5e96d00a328196b5b5c86d365e98d8a3a70856aaf16b4e7b1985e67f5a6
  languageName: node
  linkType: hard

"deploy@workspace:.":
  version: 0.0.0-use.local
  resolution: "deploy@workspace:."
  dependencies:
    "@sap/hana-client": "npm:^2.29.23"
    "@sap/hdi-deploy": "npm:^5.6.1"
  languageName: unknown
  linkType: soft

"dotenv@npm:^16.4.5":
  version: 16.6.1
  resolution: "dotenv@npm:16.6.1"
  checksum: 10c0/15ce56608326ea0d1d9414a5c8ee6dcf0fffc79d2c16422b4ac2268e7e2d76ff5a572d37ffe747c377de12005f14b3cc22361e79fc7f1061cce81f77d2c973dc
  languageName: node
  linkType: hard

"extsprintf@npm:^1.2.0":
  version: 1.4.1
  resolution: "extsprintf@npm:1.4.1"
  checksum: 10c0/e10e2769985d0e9b6c7199b053a9957589d02e84de42832c295798cb422a025e6d4a92e0259c1fb4d07090f5bfde6b55fd9f880ac5855bd61d775f8ab75a7ab0
  languageName: node
  linkType: hard

"fill-range@npm:^7.1.1":
  version: 7.1.1
  resolution: "fill-range@npm:7.1.1"
  dependencies:
    to-regex-range: "npm:^5.0.1"
  checksum: 10c0/b75b691bbe065472f38824f694c2f7449d7f5004aa950426a2c28f0306c60db9b880c0b0e4ed819997ffb882d1da02cfcfc819bddc94d71627f5269682edf018
  languageName: node
  linkType: hard

"handlebars@npm:^4.7.8":
  version: 4.7.9
  resolution: "handlebars@npm:4.7.9"
  dependencies:
    minimist: "npm:^1.2.5"
    neo-async: "npm:^2.6.2"
    source-map: "npm:^0.6.1"
    uglify-js: "npm:^3.1.4"
    wordwrap: "npm:^1.0.0"
  dependenciesMeta:
    uglify-js:
      optional: true
  bin:
    handlebars: bin/handlebars
  checksum: 10c0/22f8105a7e68e81aff2662bb434edf05f757d21d850731d71cec886d69c10cd33d3c43e34b2892968ec62de8241611851d3d0674c8ef324ea3e01dc66262faa9
  languageName: node
  linkType: hard

"is-number@npm:^7.0.0":
  version: 7.0.0
  resolution: "is-number@npm:7.0.0"
  checksum: 10c0/b4686d0d3053146095ccd45346461bc8e53b80aeb7671cc52a4de02dbbf7dc0d1d2a986e2fe4ae206984b4d34ef37e8b795ebc4f4295c978373e6575e295d811
  languageName: node
  linkType: hard

"micromatch@npm:^4.0.8":
  version: 4.0.8
  resolution: "micromatch@npm:4.0.8"
  dependencies:
    braces: "npm:^3.0.3"
    picomatch: "npm:^2.3.1"
  checksum: 10c0/166fa6eb926b9553f32ef81f5f531d27b4ce7da60e5baf8c021d043b27a388fb95e46a8038d5045877881e673f8134122b59624d5cecbd16eb50a42e7a6b5ca8
  languageName: node
  linkType: hard

"minimist@npm:^1.2.5":
  version: 1.2.8
  resolution: "minimist@npm:1.2.8"
  checksum: 10c0/19d3fcdca050087b84c2029841a093691a91259a47def2f18222f41e7645a0b7c44ef4b40e88a1e58a40c84d2ef0ee6047c55594d298146d0eb3f6b737c20ce6
  languageName: node
  linkType: hard

"ms@npm:2.0.0":
  version: 2.0.0
  resolution: "ms@npm:2.0.0"
  checksum: 10c0/f8fda810b39fd7255bbdc451c46286e549794fcc700dc9cd1d25658bbc4dc2563a5de6fe7c60f798a16a60c6ceb53f033cb353f493f0cf63e5199b702943159d
  languageName: node
  linkType: hard

"ms@npm:^2.1.3":
  version: 2.1.3
  resolution: "ms@npm:2.1.3"
  checksum: 10c0/d924b57e7312b3b63ad21fc5b3dc0af5e78d61a1fc7cfb5457edaf26326bf62be5307cc87ffb6862ef1c2b33b0233cdb5d4f01c4c958cc0d660948b65a287a48
  languageName: node
  linkType: hard

"neo-async@npm:^2.6.2":
  version: 2.6.2
  resolution: "neo-async@npm:2.6.2"
  checksum: 10c0/c2f5a604a54a8ec5438a342e1f356dff4bc33ccccdb6dc668d94fe8e5eccfc9d2c2eea6064b0967a767ba63b33763f51ccf2cd2441b461a7322656c1f06b3f5d
  languageName: node
  linkType: hard

"node-cache@npm:^5.1.2":
  version: 5.1.2
  resolution: "node-cache@npm:5.1.2"
  dependencies:
    clone: "npm:2.x"
  checksum: 10c0/2f91907510a1276415ae5898269d0765934d5a4f3682c8b1b19964694a9b841c8bd791e1a125d1f89050f412e1da5dd982179d714252b3a7223abb05b8cb24d5
  languageName: node
  linkType: hard

"picomatch@npm:^2.3.1":
  version: 2.3.2
  resolution: "picomatch@npm:2.3.2"
  checksum: 10c0/a554d1709e59be97d1acb9eaedbbc700a5c03dbd4579807baed95100b00420bc729335440ef15004ae2378984e2487a7c1cebd743cfdb72b6fa9ab69223c0d61
  languageName: node
  linkType: hard

"source-map@npm:^0.6.1":
  version: 0.6.1
  resolution: "source-map@npm:0.6.1"
  checksum: 10c0/ab55398007c5e5532957cb0beee2368529618ac0ab372d789806f5718123cc4367d57de3904b4e6a4170eb5a0b0f41373066d02ca0735a0c4d75c7d328d3e011
  languageName: node
  linkType: hard

"to-regex-range@npm:^5.0.1":
  version: 5.0.1
  resolution: "to-regex-range@npm:5.0.1"
  dependencies:
    is-number: "npm:^7.0.0"
  checksum: 10c0/487988b0a19c654ff3e1961b87f471702e708fa8a8dd02a298ef16da7206692e8552a0250e8b3e8759270f62e9d8314616f6da274734d3b558b1fc7b7724e892
  languageName: node
  linkType: hard

"uglify-js@npm:^3.1.4":
  version: 3.19.3
  resolution: "uglify-js@npm:3.19.3"
  bin:
    uglifyjs: bin/uglifyjs
  checksum: 10c0/83b0a90eca35f778e07cad9622b80c448b6aad457c9ff8e568afed978212b42930a95f9e1be943a1ffa4258a3340fbb899f41461131c05bb1d0a9c303aed8479
  languageName: node
  linkType: hard

"verror@npm:1.10.1":
  version: 1.10.1
  resolution: "verror@npm:1.10.1"
  dependencies:
    assert-plus: "npm:^1.0.0"
    core-util-is: "npm:1.0.2"
    extsprintf: "npm:^1.2.0"
  checksum: 10c0/293fb060a4c9b07965569a0c3e45efa954127818707995a8a4311f691b5d6687be99f972c759838ba6eecae717f9af28e3c49d2afc7bbdf5f0b675238f1426e8
  languageName: node
  linkType: hard

"wordwrap@npm:^1.0.0":
  version: 1.0.0
  resolution: "wordwrap@npm:1.0.0"
  checksum: 10c0/7ed2e44f3c33c5c3e3771134d2b0aee4314c9e49c749e37f464bf69f2bcdf0cbf9419ca638098e2717cff4875c47f56a007532f6111c3319f557a2ca91278e92
  languageName: node
  linkType: hard
